// !$*UTF8*$!
{
	archiveVersion = 1;
	classes = {
	};
	objectVersion = 51;
	objects = {

/* Begin PBXBuildFile section */
		4916916B854BD0033D44BBE6 /* Pods_Japanki_JapankiUITests.framework in Frameworks */ = {isa = PBXBuildFile; fileRef = 6B566FA92D4A4D174D9E668B /* Pods_Japanki_JapankiUITests.framework */; };
		4AB31ECF9CDD8B6040266590 /* Pods_Japanki.framework in Frameworks */ = {isa = PBXBuildFile; fileRef = 8353B848A20A8020DC2A2625 /* Pods_Japanki.framework */; };
		8E4B05B024F2364300014ADA /* GoogleService-Info.plist in Resources */ = {isa = PBXBuildFile; fileRef = 8E4B05AF24F2364300014ADA /* GoogleService-Info.plist */; };
		8EE69C6324F1387A0026373A /* AppOptions.swift in Sources */ = {isa = PBXBuildFile; fileRef = 8EE69C6224F1387A0026373A /* AppOptions.swift */; };
		8EE69C6524F1EADB0026373A /* OptionsController.storyboard in Resources */ = {isa = PBXBuildFile; fileRef = 8EE69C6424F1EADB0026373A /* OptionsController.storyboard */; };
		8EE69C6724F1EAEA0026373A /* OptionsController.swift in Sources */ = {isa = PBXBuildFile; fileRef = 8EE69C6624F1EAEA0026373A /* OptionsController.swift */; };
		9B11F1EC24E837F9005F1F89 /* NewCardController.swift in Sources */ = {isa = PBXBuildFile; fileRef = 9B11F1EB24E837F9005F1F89 /* NewCardController.swift */; };
		9B11F1EE24E8A1E2005F1F89 /* NewCardController.storyboard in Resources */ = {isa = PBXBuildFile; fileRef = 9B11F1ED24E8A1E2005F1F89 /* NewCardController.storyboard */; };
		9B11F1F024E90C6C005F1F89 /* Deck.swift in Sources */ = {isa = PBXBuildFile; fileRef = 9B11F1EF24E90C6C005F1F89 /* Deck.swift */; };
		9B11F1F224E90FAE005F1F89 /* StudySession.swift in Sources */ = {isa = PBXBuildFile; fileRef = 9B11F1F124E90FAE005F1F89 /* StudySession.swift */; };
		9B11F1F424E94BF9005F1F89 /* DeckController.swift in Sources */ = {isa = PBXBuildFile; fileRef = 9B11F1F324E94BF9005F1F89 /* DeckController.swift */; };
		9B11F1F724E94D17005F1F89 /* Deck.storyboard in Resources */ = {isa = PBXBuildFile; fileRef = 9B11F1F624E94D17005F1F89 /* Deck.storyboard */; };
		9B11F1F924E9568E005F1F89 /* DeckBreakdownController.swift in Sources */ = {isa = PBXBuildFile; fileRef = 9B11F1F824E9568E005F1F89 /* DeckBreakdownController.swift */; };
		9B11F1FB24E95FF3005F1F89 /* UIViewController+Extension.swift in Sources */ = {isa = PBXBuildFile; fileRef = 9B11F1FA24E95FF3005F1F89 /* UIViewController+Extension.swift */; };
		9B11F1FF24E9606B005F1F89 /* RealmService.swift in Sources */ = {isa = PBXBuildFile; fileRef = 9B5C141024E808FF00BD4343 /* RealmService.swift */; };
		9B11F20124E9610E005F1F89 /* CardCell.swift in Sources */ = {isa = PBXBuildFile; fileRef = 9B11F20024E9610E005F1F89 /* CardCell.swift */; };
		9B11F20324E9619C005F1F89 /* CardCell.xib in Resources */ = {isa = PBXBuildFile; fileRef = 9B11F20224E9619C005F1F89 /* CardCell.xib */; };
		9B11F20924EBE972005F1F89 /* Localized.swift in Sources */ = {isa = PBXBuildFile; fileRef = 9B11F20824EBE972005F1F89 /* Localized.swift */; };
		9B11F20A24EBEBA0005F1F89 /* Localized.strings in Resources */ = {isa = PBXBuildFile; fileRef = 9B11F20C24EBEBA0005F1F89 /* Localized.strings */; };
		9B11F20D24EBEBAB005F1F89 /* Localized.stringsdict in Resources */ = {isa = PBXBuildFile; fileRef = 9B11F20F24EBEBAB005F1F89 /* Localized.stringsdict */; };
		9B40681E24DEB95B00D2B428 /* AppDelegate.swift in Sources */ = {isa = PBXBuildFile; fileRef = 9B40681D24DEB95B00D2B428 /* AppDelegate.swift */; };
		9B40682024DEB95B00D2B428 /* SceneDelegate.swift in Sources */ = {isa = PBXBuildFile; fileRef = 9B40681F24DEB95B00D2B428 /* SceneDelegate.swift */; };
		9B40682224DEB95B00D2B428 /* MenuController.swift in Sources */ = {isa = PBXBuildFile; fileRef = 9B40682124DEB95B00D2B428 /* MenuController.swift */; };
		9B40682524DEB95B00D2B428 /* Main.storyboard in Resources */ = {isa = PBXBuildFile; fileRef = 9B40682324DEB95B00D2B428 /* Main.storyboard */; };
		9B40682724DEB95B00D2B428 /* Assets.xcassets in Resources */ = {isa = PBXBuildFile; fileRef = 9B40682624DEB95B00D2B428 /* Assets.xcassets */; };
		9B40682A24DEB95B00D2B428 /* LaunchScreen.storyboard in Resources */ = {isa = PBXBuildFile; fileRef = 9B40682824DEB95B00D2B428 /* LaunchScreen.storyboard */; };
		9B40683524DEB95B00D2B428 /* JapankiTests.swift in Sources */ = {isa = PBXBuildFile; fileRef = 9B40683424DEB95B00D2B428 /* JapankiTests.swift */; };
		9B40684024DEB95C00D2B428 /* JapankiUITests.swift in Sources */ = {isa = PBXBuildFile; fileRef = 9B40683F24DEB95C00D2B428 /* JapankiUITests.swift */; };
		9B40684F24DEBA4900D2B428 /* HiraganaConverter.swift in Sources */ = {isa = PBXBuildFile; fileRef = 9B40684E24DEBA4900D2B428 /* HiraganaConverter.swift */; };
		9B40685024DEBA4900D2B428 /* HiraganaConverter.swift in Sources */ = {isa = PBXBuildFile; fileRef = 9B40684E24DEBA4900D2B428 /* HiraganaConverter.swift */; };
		9B40685224DEC87000D2B428 /* JapaneseEnglishConverter.swift in Sources */ = {isa = PBXBuildFile; fileRef = 9B40685124DEC87000D2B428 /* JapaneseEnglishConverter.swift */; };
		9B40685324DEC87000D2B428 /* JapaneseEnglishConverter.swift in Sources */ = {isa = PBXBuildFile; fileRef = 9B40685124DEC87000D2B428 /* JapaneseEnglishConverter.swift */; };
		9B4D06E324E80E2A0052CEF4 /* StudyController.swift in Sources */ = {isa = PBXBuildFile; fileRef = 9B4D06E224E80E2A0052CEF4 /* StudyController.swift */; };
		9B5C141124E808FF00BD4343 /* RealmService.swift in Sources */ = {isa = PBXBuildFile; fileRef = 9B5C141024E808FF00BD4343 /* RealmService.swift */; };
		9BB76D6324DFD3510091CFFB /* Test.json in Resources */ = {isa = PBXBuildFile; fileRef = 9BB76D6224DFD3510091CFFB /* Test.json */; };
		9BB76D6424DFD3510091CFFB /* Test.json in Resources */ = {isa = PBXBuildFile; fileRef = 9BB76D6224DFD3510091CFFB /* Test.json */; };
		9BB76D6624DFD82F0091CFFB /* Card.swift in Sources */ = {isa = PBXBuildFile; fileRef = 9BB76D6524DFD82F0091CFFB /* Card.swift */; };
		9BB76D6724DFD82F0091CFFB /* Card.swift in Sources */ = {isa = PBXBuildFile; fileRef = 9BB76D6524DFD82F0091CFFB /* Card.swift */; };
		9BB76D6A24DFD9B30091CFFB /* CardFactory.swift in Sources */ = {isa = PBXBuildFile; fileRef = 9BB76D6924DFD9B30091CFFB /* CardFactory.swift */; };
		9BB76D6B24DFD9B30091CFFB /* CardFactory.swift in Sources */ = {isa = PBXBuildFile; fileRef = 9BB76D6924DFD9B30091CFFB /* CardFactory.swift */; };
		CF5CF8CA366D7653552CA1BD /* Pods_JapankiTests.framework in Frameworks */ = {isa = PBXBuildFile; fileRef = 41B45A70469AEF7B247C0EFD /* Pods_JapankiTests.framework */; };
/* End PBXBuildFile section */

/* Begin PBXContainerItemProxy section */
		9B40683124DEB95B00D2B428 /* PBXContainerItemProxy */ = {
			isa = PBXContainerItemProxy;
			containerPortal = 9B40681224DEB95A00D2B428 /* Project object */;
			proxyType = 1;
			remoteGlobalIDString = 9B40681924DEB95A00D2B428;
			remoteInfo = Japanki;
		};
		9B40683C24DEB95B00D2B428 /* PBXContainerItemProxy */ = {
			isa = PBXContainerItemProxy;
			containerPortal = 9B40681224DEB95A00D2B428 /* Project object */;
			proxyType = 1;
			remoteGlobalIDString = 9B40681924DEB95A00D2B428;
			remoteInfo = Japanki;
		};
/* End PBXContainerItemProxy section */

/* Begin PBXFileReference section */
		3149B58D82450775339FC946 /* Pods-Japanki.release.xcconfig */ = {isa = PBXFileReference; includeInIndex = 1; lastKnownFileType = text.xcconfig; name = "Pods-Japanki.release.xcconfig"; path = "Target Support Files/Pods-Japanki/Pods-Japanki.release.xcconfig"; sourceTree = "<group>"; };
		33FF053CD77B535B0327AE90 /* Pods-JapankiTests.release.xcconfig */ = {isa = PBXFileReference; includeInIndex = 1; lastKnownFileType = text.xcconfig; name = "Pods-JapankiTests.release.xcconfig"; path = "Target Support Files/Pods-JapankiTests/Pods-JapankiTests.release.xcconfig"; sourceTree = "<group>"; };
		41B45A70469AEF7B247C0EFD /* Pods_JapankiTests.framework */ = {isa = PBXFileReference; explicitFileType = wrapper.framework; includeInIndex = 0; path = Pods_JapankiTests.framework; sourceTree = BUILT_PRODUCTS_DIR; };
		45A194104D12D08AB82C7FDF /* Pods-JapankiTests.debug.xcconfig */ = {isa = PBXFileReference; includeInIndex = 1; lastKnownFileType = text.xcconfig; name = "Pods-JapankiTests.debug.xcconfig"; path = "Target Support Files/Pods-JapankiTests/Pods-JapankiTests.debug.xcconfig"; sourceTree = "<group>"; };
		6B566FA92D4A4D174D9E668B /* Pods_Japanki_JapankiUITests.framework */ = {isa = PBXFileReference; explicitFileType = wrapper.framework; includeInIndex = 0; path = Pods_Japanki_JapankiUITests.framework; sourceTree = BUILT_PRODUCTS_DIR; };
		8353B848A20A8020DC2A2625 /* Pods_Japanki.framework */ = {isa = PBXFileReference; explicitFileType = wrapper.framework; includeInIndex = 0; path = Pods_Japanki.framework; sourceTree = BUILT_PRODUCTS_DIR; };
		8E4B05AF24F2364300014ADA /* GoogleService-Info.plist */ = {isa = PBXFileReference; fileEncoding = 4; lastKnownFileType = text.plist.xml; path = "GoogleService-Info.plist"; sourceTree = "<group>"; };
		8E4B05B124F238B300014ADA /* FirebaseAnalytics.framework */ = {isa = PBXFileReference; lastKnownFileType = wrapper.framework; name = FirebaseAnalytics.framework; path = Carthage/Build/iOS/FirebaseAnalytics.framework; sourceTree = "<group>"; };
		8E4B05B224F238B300014ADA /* FirebaseAuth.framework */ = {isa = PBXFileReference; lastKnownFileType = wrapper.framework; name = FirebaseAuth.framework; path = Carthage/Build/iOS/FirebaseAuth.framework; sourceTree = "<group>"; };
		8E4B05B724F238BE00014ADA /* FirebaseFirestore.framework */ = {isa = PBXFileReference; lastKnownFileType = wrapper.framework; name = FirebaseFirestore.framework; path = Carthage/Build/iOS/FirebaseFirestore.framework; sourceTree = "<group>"; };
		8E4B05BA24F238C500014ADA /* FirebaseFunctions.framework */ = {isa = PBXFileReference; lastKnownFileType = wrapper.framework; name = FirebaseFunctions.framework; path = Carthage/Build/iOS/FirebaseFunctions.framework; sourceTree = "<group>"; };
		8E4B05BD24F238CB00014ADA /* FirebaseMessaging.framework */ = {isa = PBXFileReference; lastKnownFileType = wrapper.framework; name = FirebaseMessaging.framework; path = Carthage/Build/iOS/FirebaseMessaging.framework; sourceTree = "<group>"; };
		8E4B05C024F2395E00014ADA /* Firebase.framework */ = {isa = PBXFileReference; lastKnownFileType = wrapper.framework; name = Firebase.framework; path = Carthage/Build/iOS/Firebase.framework; sourceTree = "<group>"; };
		8EE69C6224F1387A0026373A /* AppOptions.swift */ = {isa = PBXFileReference; lastKnownFileType = sourcecode.swift; path = AppOptions.swift; sourceTree = "<group>"; };
		8EE69C6424F1EADB0026373A /* OptionsController.storyboard */ = {isa = PBXFileReference; lastKnownFileType = file.storyboard; path = OptionsController.storyboard; sourceTree = "<group>"; };
		8EE69C6624F1EAEA0026373A /* OptionsController.swift */ = {isa = PBXFileReference; lastKnownFileType = sourcecode.swift; path = OptionsController.swift; sourceTree = "<group>"; };
		9B11F1EB24E837F9005F1F89 /* NewCardController.swift */ = {isa = PBXFileReference; lastKnownFileType = sourcecode.swift; path = NewCardController.swift; sourceTree = "<group>"; };
		9B11F1ED24E8A1E2005F1F89 /* NewCardController.storyboard */ = {isa = PBXFileReference; lastKnownFileType = file.storyboard; path = NewCardController.storyboard; sourceTree = "<group>"; };
		9B11F1EF24E90C6C005F1F89 /* Deck.swift */ = {isa = PBXFileReference; lastKnownFileType = sourcecode.swift; path = Deck.swift; sourceTree = "<group>"; };
		9B11F1F124E90FAE005F1F89 /* StudySession.swift */ = {isa = PBXFileReference; lastKnownFileType = sourcecode.swift; path = StudySession.swift; sourceTree = "<group>"; };
		9B11F1F324E94BF9005F1F89 /* DeckController.swift */ = {isa = PBXFileReference; lastKnownFileType = sourcecode.swift; path = DeckController.swift; sourceTree = "<group>"; };
		9B11F1F624E94D17005F1F89 /* Deck.storyboard */ = {isa = PBXFileReference; lastKnownFileType = file.storyboard; path = Deck.storyboard; sourceTree = "<group>"; };
		9B11F1F824E9568E005F1F89 /* DeckBreakdownController.swift */ = {isa = PBXFileReference; lastKnownFileType = sourcecode.swift; path = DeckBreakdownController.swift; sourceTree = "<group>"; };
		9B11F1FA24E95FF3005F1F89 /* UIViewController+Extension.swift */ = {isa = PBXFileReference; lastKnownFileType = sourcecode.swift; path = "UIViewController+Extension.swift"; sourceTree = "<group>"; };
		9B11F20024E9610E005F1F89 /* CardCell.swift */ = {isa = PBXFileReference; lastKnownFileType = sourcecode.swift; path = CardCell.swift; sourceTree = "<group>"; };
		9B11F20224E9619C005F1F89 /* CardCell.xib */ = {isa = PBXFileReference; lastKnownFileType = file.xib; path = CardCell.xib; sourceTree = "<group>"; };
		9B11F20824EBE972005F1F89 /* Localized.swift */ = {isa = PBXFileReference; lastKnownFileType = sourcecode.swift; path = Localized.swift; sourceTree = "<group>"; };
		9B11F20B24EBEBA0005F1F89 /* en */ = {isa = PBXFileReference; lastKnownFileType = text.plist.strings; name = en; path = en.lproj/Localized.strings; sourceTree = "<group>"; };
		9B11F20E24EBEBAB005F1F89 /* en */ = {isa = PBXFileReference; lastKnownFileType = text.plist.stringsdict; name = en; path = en.lproj/Localized.stringsdict; sourceTree = "<group>"; };
		9B40681A24DEB95B00D2B428 /* Japanki.app */ = {isa = PBXFileReference; explicitFileType = wrapper.application; includeInIndex = 0; path = Japanki.app; sourceTree = BUILT_PRODUCTS_DIR; };
		9B40681D24DEB95B00D2B428 /* AppDelegate.swift */ = {isa = PBXFileReference; lastKnownFileType = sourcecode.swift; path = AppDelegate.swift; sourceTree = "<group>"; };
		9B40681F24DEB95B00D2B428 /* SceneDelegate.swift */ = {isa = PBXFileReference; lastKnownFileType = sourcecode.swift; path = SceneDelegate.swift; sourceTree = "<group>"; };
		9B40682124DEB95B00D2B428 /* MenuController.swift */ = {isa = PBXFileReference; lastKnownFileType = sourcecode.swift; path = MenuController.swift; sourceTree = "<group>"; };
		9B40682424DEB95B00D2B428 /* Base */ = {isa = PBXFileReference; lastKnownFileType = file.storyboard; name = Base; path = Base.lproj/Main.storyboard; sourceTree = "<group>"; };
		9B40682624DEB95B00D2B428 /* Assets.xcassets */ = {isa = PBXFileReference; lastKnownFileType = folder.assetcatalog; path = Assets.xcassets; sourceTree = "<group>"; };
		9B40682924DEB95B00D2B428 /* Base */ = {isa = PBXFileReference; lastKnownFileType = file.storyboard; name = Base; path = Base.lproj/LaunchScreen.storyboard; sourceTree = "<group>"; };
		9B40682B24DEB95B00D2B428 /* Info.plist */ = {isa = PBXFileReference; lastKnownFileType = text.plist.xml; path = Info.plist; sourceTree = "<group>"; };
		9B40683024DEB95B00D2B428 /* JapankiTests.xctest */ = {isa = PBXFileReference; explicitFileType = wrapper.cfbundle; includeInIndex = 0; path = JapankiTests.xctest; sourceTree = BUILT_PRODUCTS_DIR; };
		9B40683424DEB95B00D2B428 /* JapankiTests.swift */ = {isa = PBXFileReference; lastKnownFileType = sourcecode.swift; path = JapankiTests.swift; sourceTree = "<group>"; };
		9B40683624DEB95B00D2B428 /* Info.plist */ = {isa = PBXFileReference; lastKnownFileType = text.plist.xml; path = Info.plist; sourceTree = "<group>"; };
		9B40683B24DEB95B00D2B428 /* JapankiUITests.xctest */ = {isa = PBXFileReference; explicitFileType = wrapper.cfbundle; includeInIndex = 0; path = JapankiUITests.xctest; sourceTree = BUILT_PRODUCTS_DIR; };
		9B40683F24DEB95C00D2B428 /* JapankiUITests.swift */ = {isa = PBXFileReference; lastKnownFileType = sourcecode.swift; path = JapankiUITests.swift; sourceTree = "<group>"; };
		9B40684124DEB95C00D2B428 /* Info.plist */ = {isa = PBXFileReference; lastKnownFileType = text.plist.xml; path = Info.plist; sourceTree = "<group>"; };
		9B40684E24DEBA4900D2B428 /* HiraganaConverter.swift */ = {isa = PBXFileReference; lastKnownFileType = sourcecode.swift; path = HiraganaConverter.swift; sourceTree = "<group>"; };
		9B40685124DEC87000D2B428 /* JapaneseEnglishConverter.swift */ = {isa = PBXFileReference; lastKnownFileType = sourcecode.swift; path = JapaneseEnglishConverter.swift; sourceTree = "<group>"; };
		9B4D06D924E809B00052CEF4 /* Realm.framework */ = {isa = PBXFileReference; lastKnownFileType = wrapper.framework; name = Realm.framework; path = Carthage/Build/iOS/Realm.framework; sourceTree = "<group>"; };
		9B4D06DD24E809BD0052CEF4 /* RealmSwift.framework */ = {isa = PBXFileReference; lastKnownFileType = wrapper.framework; name = RealmSwift.framework; path = Carthage/Build/iOS/RealmSwift.framework; sourceTree = "<group>"; };
		9B4D06E224E80E2A0052CEF4 /* StudyController.swift */ = {isa = PBXFileReference; lastKnownFileType = sourcecode.swift; path = StudyController.swift; sourceTree = "<group>"; };
		9B5C141024E808FF00BD4343 /* RealmService.swift */ = {isa = PBXFileReference; lastKnownFileType = sourcecode.swift; path = RealmService.swift; sourceTree = "<group>"; };
		9BB76D6224DFD3510091CFFB /* Test.json */ = {isa = PBXFileReference; lastKnownFileType = text.json; path = Test.json; sourceTree = "<group>"; };
		9BB76D6524DFD82F0091CFFB /* Card.swift */ = {isa = PBXFileReference; lastKnownFileType = sourcecode.swift; path = Card.swift; sourceTree = "<group>"; };
		9BB76D6924DFD9B30091CFFB /* CardFactory.swift */ = {isa = PBXFileReference; lastKnownFileType = sourcecode.swift; path = CardFactory.swift; sourceTree = "<group>"; };
		A5F218EFFDF7B41FCF571A46 /* Pods-Japanki.debug.xcconfig */ = {isa = PBXFileReference; includeInIndex = 1; lastKnownFileType = text.xcconfig; name = "Pods-Japanki.debug.xcconfig"; path = "Target Support Files/Pods-Japanki/Pods-Japanki.debug.xcconfig"; sourceTree = "<group>"; };
		DB61C28BEA87ACC024A001CF /* Pods-Japanki-JapankiUITests.debug.xcconfig */ = {isa = PBXFileReference; includeInIndex = 1; lastKnownFileType = text.xcconfig; name = "Pods-Japanki-JapankiUITests.debug.xcconfig"; path = "Target Support Files/Pods-Japanki-JapankiUITests/Pods-Japanki-JapankiUITests.debug.xcconfig"; sourceTree = "<group>"; };
		E7BAD1E1124C780BAB928DB0 /* Pods-Japanki-JapankiUITests.release.xcconfig */ = {isa = PBXFileReference; includeInIndex = 1; lastKnownFileType = text.xcconfig; name = "Pods-Japanki-JapankiUITests.release.xcconfig"; path = "Target Support Files/Pods-Japanki-JapankiUITests/Pods-Japanki-JapankiUITests.release.xcconfig"; sourceTree = "<group>"; };
/* End PBXFileReference section */

/* Begin PBXFrameworksBuildPhase section */
		9B40681724DEB95A00D2B428 /* Frameworks */ = {
			isa = PBXFrameworksBuildPhase;
			buildActionMask = 2147483647;
			files = (
				4AB31ECF9CDD8B6040266590 /* Pods_Japanki.framework in Frameworks */,
			);
			runOnlyForDeploymentPostprocessing = 0;
		};
		9B40682D24DEB95B00D2B428 /* Frameworks */ = {
			isa = PBXFrameworksBuildPhase;
			buildActionMask = 2147483647;
			files = (
				CF5CF8CA366D7653552CA1BD /* Pods_JapankiTests.framework in Frameworks */,
			);
			runOnlyForDeploymentPostprocessing = 0;
		};
		9B40683824DEB95B00D2B428 /* Frameworks */ = {
			isa = PBXFrameworksBuildPhase;
			buildActionMask = 2147483647;
			files = (
				4916916B854BD0033D44BBE6 /* Pods_Japanki_JapankiUITests.framework in Frameworks */,
			);
			runOnlyForDeploymentPostprocessing = 0;
		};
/* End PBXFrameworksBuildPhase section */

/* Begin PBXGroup section */
		327F618DA80CAC3AAFCABD50 /* Pods */ = {
			isa = PBXGroup;
			children = (
				A5F218EFFDF7B41FCF571A46 /* Pods-Japanki.debug.xcconfig */,
				3149B58D82450775339FC946 /* Pods-Japanki.release.xcconfig */,
				DB61C28BEA87ACC024A001CF /* Pods-Japanki-JapankiUITests.debug.xcconfig */,
				E7BAD1E1124C780BAB928DB0 /* Pods-Japanki-JapankiUITests.release.xcconfig */,
				45A194104D12D08AB82C7FDF /* Pods-JapankiTests.debug.xcconfig */,
				33FF053CD77B535B0327AE90 /* Pods-JapankiTests.release.xcconfig */,
			);
			path = Pods;
			sourceTree = "<group>";
		};
		8ECBED5D24F125620079CBFD /* Localization */ = {
			isa = PBXGroup;
			children = (
				9B11F20F24EBEBAB005F1F89 /* Localized.stringsdict */,
				9B11F20C24EBEBA0005F1F89 /* Localized.strings */,
				9B11F20824EBE972005F1F89 /* Localized.swift */,
			);
			path = Localization;
			sourceTree = "<group>";
		};
		8EE69C6824F1EE200026373A /* Options */ = {
			isa = PBXGroup;
			children = (
				8EE69C6424F1EADB0026373A /* OptionsController.storyboard */,
				8EE69C6624F1EAEA0026373A /* OptionsController.swift */,
			);
			path = Options;
			sourceTree = "<group>";
		};
		9B11F1F524E94CF4005F1F89 /* Controllers */ = {
			isa = PBXGroup;
			children = (
				9B40682324DEB95B00D2B428 /* Main.storyboard */,
				9B40682124DEB95B00D2B428 /* MenuController.swift */,
				9B4D06E224E80E2A0052CEF4 /* StudyController.swift */,
				9B11F1FD24E9603E005F1F89 /* Decks */,
				9B11F1FE24E96052005F1F89 /* New Card */,
				8EE69C6824F1EE200026373A /* Options */,
			);
			path = Controllers;
			sourceTree = "<group>";
		};
		9B11F1FC24E96019005F1F89 /* Extensions */ = {
			isa = PBXGroup;
			children = (
				9B11F1FA24E95FF3005F1F89 /* UIViewController+Extension.swift */,
			);
			path = Extensions;
			sourceTree = "<group>";
		};
		9B11F1FD24E9603E005F1F89 /* Decks */ = {
			isa = PBXGroup;
			children = (
				9B11F1F324E94BF9005F1F89 /* DeckController.swift */,
				9B11F1F824E9568E005F1F89 /* DeckBreakdownController.swift */,
				9B11F20024E9610E005F1F89 /* CardCell.swift */,
				9B11F20224E9619C005F1F89 /* CardCell.xib */,
				9B11F1F624E94D17005F1F89 /* Deck.storyboard */,
			);
			path = Decks;
			sourceTree = "<group>";
		};
		9B11F1FE24E96052005F1F89 /* New Card */ = {
			isa = PBXGroup;
			children = (
				9B11F1EB24E837F9005F1F89 /* NewCardController.swift */,
				9B11F1ED24E8A1E2005F1F89 /* NewCardController.storyboard */,
			);
			path = "New Card";
			sourceTree = "<group>";
		};
		9B40681124DEB95A00D2B428 = {
			isa = PBXGroup;
			children = (
				9B40681C24DEB95B00D2B428 /* Japanki */,
				9B40683324DEB95B00D2B428 /* JapankiTests */,
				9B40683E24DEB95C00D2B428 /* JapankiUITests */,
				9B40681B24DEB95B00D2B428 /* Products */,
				9B4D06D824E809B00052CEF4 /* Frameworks */,
				327F618DA80CAC3AAFCABD50 /* Pods */,
			);
			sourceTree = "<group>";
		};
		9B40681B24DEB95B00D2B428 /* Products */ = {
			isa = PBXGroup;
			children = (
				9B40681A24DEB95B00D2B428 /* Japanki.app */,
				9B40683024DEB95B00D2B428 /* JapankiTests.xctest */,
				9B40683B24DEB95B00D2B428 /* JapankiUITests.xctest */,
			);
			name = Products;
			sourceTree = "<group>";
		};
		9B40681C24DEB95B00D2B428 /* Japanki */ = {
			isa = PBXGroup;
			children = (
				9B40681D24DEB95B00D2B428 /* AppDelegate.swift */,
				9B40681F24DEB95B00D2B428 /* SceneDelegate.swift */,
				8ECBED5D24F125620079CBFD /* Localization */,
				9B40684D24DEBA1500D2B428 /* Services */,
				9BB76D6824DFD8330091CFFB /* Models */,
				9B11F1F524E94CF4005F1F89 /* Controllers */,
				9B11F1FC24E96019005F1F89 /* Extensions */,
				9B40682624DEB95B00D2B428 /* Assets.xcassets */,
				9B40682824DEB95B00D2B428 /* LaunchScreen.storyboard */,
				9B40682B24DEB95B00D2B428 /* Info.plist */,
				8E4B05AF24F2364300014ADA /* GoogleService-Info.plist */,
			);
			path = Japanki;
			sourceTree = "<group>";
		};
		9B40683324DEB95B00D2B428 /* JapankiTests */ = {
			isa = PBXGroup;
			children = (
				9B40683424DEB95B00D2B428 /* JapankiTests.swift */,
				9B40683624DEB95B00D2B428 /* Info.plist */,
			);
			path = JapankiTests;
			sourceTree = "<group>";
		};
		9B40683E24DEB95C00D2B428 /* JapankiUITests */ = {
			isa = PBXGroup;
			children = (
				9B40683F24DEB95C00D2B428 /* JapankiUITests.swift */,
				9B40684124DEB95C00D2B428 /* Info.plist */,
			);
			path = JapankiUITests;
			sourceTree = "<group>";
		};
		9B40684D24DEBA1500D2B428 /* Services */ = {
			isa = PBXGroup;
			children = (
				9B5C141024E808FF00BD4343 /* RealmService.swift */,
				9B40684E24DEBA4900D2B428 /* HiraganaConverter.swift */,
				9B40685124DEC87000D2B428 /* JapaneseEnglishConverter.swift */,
				9BB76D6924DFD9B30091CFFB /* CardFactory.swift */,
				9BB76D6224DFD3510091CFFB /* Test.json */,
			);
			path = Services;
			sourceTree = "<group>";
		};
		9B4D06D824E809B00052CEF4 /* Frameworks */ = {
			isa = PBXGroup;
			children = (
				8E4B05C024F2395E00014ADA /* Firebase.framework */,
				8E4B05BD24F238CB00014ADA /* FirebaseMessaging.framework */,
				8E4B05BA24F238C500014ADA /* FirebaseFunctions.framework */,
				8E4B05B724F238BE00014ADA /* FirebaseFirestore.framework */,
				8E4B05B124F238B300014ADA /* FirebaseAnalytics.framework */,
				8E4B05B224F238B300014ADA /* FirebaseAuth.framework */,
				9B4D06DD24E809BD0052CEF4 /* RealmSwift.framework */,
				9B4D06D924E809B00052CEF4 /* Realm.framework */,
				8353B848A20A8020DC2A2625 /* Pods_Japanki.framework */,
				6B566FA92D4A4D174D9E668B /* Pods_Japanki_JapankiUITests.framework */,
				41B45A70469AEF7B247C0EFD /* Pods_JapankiTests.framework */,
			);
			name = Frameworks;
			sourceTree = "<group>";
		};
		9BB76D6824DFD8330091CFFB /* Models */ = {
			isa = PBXGroup;
			children = (
				9BB76D6524DFD82F0091CFFB /* Card.swift */,
				9B11F1EF24E90C6C005F1F89 /* Deck.swift */,
				9B11F1F124E90FAE005F1F89 /* StudySession.swift */,
				8EE69C6224F1387A0026373A /* AppOptions.swift */,
			);
			path = Models;
			sourceTree = "<group>";
		};
/* End PBXGroup section */

/* Begin PBXNativeTarget section */
		9B40681924DEB95A00D2B428 /* Japanki */ = {
			isa = PBXNativeTarget;
			buildConfigurationList = 9B40684424DEB95C00D2B428 /* Build configuration list for PBXNativeTarget "Japanki" */;
			buildPhases = (
				6F7C171941C1B059BBEC8A65 /* [CP] Check Pods Manifest.lock */,
				9B40681624DEB95A00D2B428 /* Sources */,
				9B40681724DEB95A00D2B428 /* Frameworks */,
				9B40681824DEB95A00D2B428 /* Resources */,
				3D461AF6B7F83D76E2150E02 /* [CP] Embed Pods Frameworks */,
			);
			buildRules = (
			);
			dependencies = (
			);
			name = Japanki;
			productName = Japanki;
			productReference = 9B40681A24DEB95B00D2B428 /* Japanki.app */;
			productType = "com.apple.product-type.application";
		};
		9B40682F24DEB95B00D2B428 /* JapankiTests */ = {
			isa = PBXNativeTarget;
			buildConfigurationList = 9B40684724DEB95C00D2B428 /* Build configuration list for PBXNativeTarget "JapankiTests" */;
			buildPhases = (
				B6EB1BD66CF7064A3429F985 /* [CP] Check Pods Manifest.lock */,
				9B40682C24DEB95B00D2B428 /* Sources */,
				9B40682D24DEB95B00D2B428 /* Frameworks */,
				9B40682E24DEB95B00D2B428 /* Resources */,
			);
			buildRules = (
			);
			dependencies = (
				9B40683224DEB95B00D2B428 /* PBXTargetDependency */,
			);
			name = JapankiTests;
			productName = JapankiTests;
			productReference = 9B40683024DEB95B00D2B428 /* JapankiTests.xctest */;
			productType = "com.apple.product-type.bundle.unit-test";
		};
		9B40683A24DEB95B00D2B428 /* JapankiUITests */ = {
			isa = PBXNativeTarget;
			buildConfigurationList = 9B40684A24DEB95C00D2B428 /* Build configuration list for PBXNativeTarget "JapankiUITests" */;
			buildPhases = (
				EE5084938C58C98C00922B23 /* [CP] Check Pods Manifest.lock */,
				9B40683724DEB95B00D2B428 /* Sources */,
				9B40683824DEB95B00D2B428 /* Frameworks */,
				9B40683924DEB95B00D2B428 /* Resources */,
				E02D30AF95245703D180118B /* [CP] Embed Pods Frameworks */,
			);
			buildRules = (
			);
			dependencies = (
				9B40683D24DEB95B00D2B428 /* PBXTargetDependency */,
			);
			name = JapankiUITests;
			productName = JapankiUITests;
			productReference = 9B40683B24DEB95B00D2B428 /* JapankiUITests.xctest */;
			productType = "com.apple.product-type.bundle.ui-testing";
		};
/* End PBXNativeTarget section */

/* Begin PBXProject section */
		9B40681224DEB95A00D2B428 /* Project object */ = {
			isa = PBXProject;
			attributes = {
				LastSwiftUpdateCheck = 1200;
				LastUpgradeCheck = 1200;
				TargetAttributes = {
					9B40681924DEB95A00D2B428 = {
						CreatedOnToolsVersion = 12.0;
					};
					9B40682F24DEB95B00D2B428 = {
						CreatedOnToolsVersion = 12.0;
						TestTargetID = 9B40681924DEB95A00D2B428;
					};
					9B40683A24DEB95B00D2B428 = {
						CreatedOnToolsVersion = 12.0;
						TestTargetID = 9B40681924DEB95A00D2B428;
					};
				};
			};
			buildConfigurationList = 9B40681524DEB95A00D2B428 /* Build configuration list for PBXProject "Japanki" */;
			compatibilityVersion = "Xcode 9.3";
			developmentRegion = en;
			hasScannedForEncodings = 0;
			knownRegions = (
				en,
				Base,
			);
			mainGroup = 9B40681124DEB95A00D2B428;
			productRefGroup = 9B40681B24DEB95B00D2B428 /* Products */;
			projectDirPath = "";
			projectRoot = "";
			targets = (
				9B40681924DEB95A00D2B428 /* Japanki */,
				9B40682F24DEB95B00D2B428 /* JapankiTests */,
				9B40683A24DEB95B00D2B428 /* JapankiUITests */,
			);
		};
/* End PBXProject section */

/* Begin PBXResourcesBuildPhase section */
		9B40681824DEB95A00D2B428 /* Resources */ = {
			isa = PBXResourcesBuildPhase;
			buildActionMask = 2147483647;
			files = (
				9B11F20D24EBEBAB005F1F89 /* Localized.stringsdict in Resources */,
				9B40682A24DEB95B00D2B428 /* LaunchScreen.storyboard in Resources */,
				9BB76D6324DFD3510091CFFB /* Test.json in Resources */,
				9B11F1EE24E8A1E2005F1F89 /* NewCardController.storyboard in Resources */,
				9B11F20324E9619C005F1F89 /* CardCell.xib in Resources */,
				9B40682724DEB95B00D2B428 /* Assets.xcassets in Resources */,
				9B11F20A24EBEBA0005F1F89 /* Localized.strings in Resources */,
				9B40682524DEB95B00D2B428 /* Main.storyboard in Resources */,
				8E4B05B024F2364300014ADA /* GoogleService-Info.plist in Resources */,
				9B11F1F724E94D17005F1F89 /* Deck.storyboard in Resources */,
				8EE69C6524F1EADB0026373A /* OptionsController.storyboard in Resources */,
			);
			runOnlyForDeploymentPostprocessing = 0;
		};
		9B40682E24DEB95B00D2B428 /* Resources */ = {
			isa = PBXResourcesBuildPhase;
			buildActionMask = 2147483647;
			files = (
				9BB76D6424DFD3510091CFFB /* Test.json in Resources */,
			);
			runOnlyForDeploymentPostprocessing = 0;
		};
		9B40683924DEB95B00D2B428 /* Resources */ = {
			isa = PBXResourcesBuildPhase;
			buildActionMask = 2147483647;
			files = (
			);
			runOnlyForDeploymentPostprocessing = 0;
		};
/* End PBXResourcesBuildPhase section */

/* Begin PBXShellScriptBuildPhase section */
		3D461AF6B7F83D76E2150E02 /* [CP] Embed Pods Frameworks */ = {
			isa = PBXShellScriptBuildPhase;
			buildActionMask = 2147483647;
			files = (
			);
			inputFileListPaths = (
				"${PODS_ROOT}/Target Support Files/Pods-Japanki/Pods-Japanki-frameworks-${CONFIGURATION}-input-files.xcfilelist",
			);
			name = "[CP] Embed Pods Frameworks";
			outputFileListPaths = (
				"${PODS_ROOT}/Target Support Files/Pods-Japanki/Pods-Japanki-frameworks-${CONFIGURATION}-output-files.xcfilelist",
			);
			runOnlyForDeploymentPostprocessing = 0;
			shellPath = /bin/sh;
			shellScript = "\"${PODS_ROOT}/Target Support Files/Pods-Japanki/Pods-Japanki-frameworks.sh\"\n";
			showEnvVarsInLog = 0;
		};
		6F7C171941C1B059BBEC8A65 /* [CP] Check Pods Manifest.lock */ = {
			isa = PBXShellScriptBuildPhase;
			buildActionMask = 2147483647;
			files = (
			);
			inputFileListPaths = (
			);
			inputPaths = (
				"${PODS_PODFILE_DIR_PATH}/Podfile.lock",
				"${PODS_ROOT}/Manifest.lock",
			);
			name = "[CP] Check Pods Manifest.lock";
			outputFileListPaths = (
			);
			outputPaths = (
				"$(DERIVED_FILE_DIR)/Pods-Japanki-checkManifestLockResult.txt",
			);
			runOnlyForDeploymentPostprocessing = 0;
			shellPath = /bin/sh;
			shellScript = "diff \"${PODS_PODFILE_DIR_PATH}/Podfile.lock\" \"${PODS_ROOT}/Manifest.lock\" > /dev/null\nif [ $? != 0 ] ; then\n    # print error to STDERR\n    echo \"error: The sandbox is not in sync with the Podfile.lock. Run 'pod install' or update your CocoaPods installation.\" >&2\n    exit 1\nfi\n# This output is used by Xcode 'outputs' to avoid re-running this script phase.\necho \"SUCCESS\" > \"${SCRIPT_OUTPUT_FILE_0}\"\n";
			showEnvVarsInLog = 0;
		};
		B6EB1BD66CF7064A3429F985 /* [CP] Check Pods Manifest.lock */ = {
			isa = PBXShellScriptBuildPhase;
			buildActionMask = 2147483647;
			files = (
			);
			inputFileListPaths = (
			);
			inputPaths = (
				"${PODS_PODFILE_DIR_PATH}/Podfile.lock",
				"${PODS_ROOT}/Manifest.lock",
			);
			name = "[CP] Check Pods Manifest.lock";
			outputFileListPaths = (
			);
			outputPaths = (
				"$(DERIVED_FILE_DIR)/Pods-JapankiTests-checkManifestLockResult.txt",
			);
			runOnlyForDeploymentPostprocessing = 0;
			shellPath = /bin/sh;
			shellScript = "diff \"${PODS_PODFILE_DIR_PATH}/Podfile.lock\" \"${PODS_ROOT}/Manifest.lock\" > /dev/null\nif [ $? != 0 ] ; then\n    # print error to STDERR\n    echo \"error: The sandbox is not in sync with the Podfile.lock. Run 'pod install' or update your CocoaPods installation.\" >&2\n    exit 1\nfi\n# This output is used by Xcode 'outputs' to avoid re-running this script phase.\necho \"SUCCESS\" > \"${SCRIPT_OUTPUT_FILE_0}\"\n";
			showEnvVarsInLog = 0;
		};
		E02D30AF95245703D180118B /* [CP] Embed Pods Frameworks */ = {
			isa = PBXShellScriptBuildPhase;
			buildActionMask = 2147483647;
			files = (
			);
			inputFileListPaths = (
				"${PODS_ROOT}/Target Support Files/Pods-Japanki-JapankiUITests/Pods-Japanki-JapankiUITests-frameworks-${CONFIGURATION}-input-files.xcfilelist",
			);
			name = "[CP] Embed Pods Frameworks";
			outputFileListPaths = (
				"${PODS_ROOT}/Target Support Files/Pods-Japanki-JapankiUITests/Pods-Japanki-JapankiUITests-frameworks-${CONFIGURATION}-output-files.xcfilelist",
			);
			runOnlyForDeploymentPostprocessing = 0;
			shellPath = /bin/sh;
			shellScript = "\"${PODS_ROOT}/Target Support Files/Pods-Japanki-JapankiUITests/Pods-Japanki-JapankiUITests-frameworks.sh\"\n";
			showEnvVarsInLog = 0;
		};
		EE5084938C58C98C00922B23 /* [CP] Check Pods Manifest.lock */ = {
			isa = PBXShellScriptBuildPhase;
			buildActionMask = 2147483647;
			files = (
			);
			inputFileListPaths = (
			);
			inputPaths = (
				"${PODS_PODFILE_DIR_PATH}/Podfile.lock",
				"${PODS_ROOT}/Manifest.lock",
			);
			name = "[CP] Check Pods Manifest.lock";
			outputFileListPaths = (
			);
			outputPaths = (
				"$(DERIVED_FILE_DIR)/Pods-Japanki-JapankiUITests-checkManifestLockResult.txt",
			);
			runOnlyForDeploymentPostprocessing = 0;
			shellPath = /bin/sh;
			shellScript = "diff \"${PODS_PODFILE_DIR_PATH}/Podfile.lock\" \"${PODS_ROOT}/Manifest.lock\" > /dev/null\nif [ $? != 0 ] ; then\n    # print error to STDERR\n    echo \"error: The sandbox is not in sync with the Podfile.lock. Run 'pod install' or update your CocoaPods installation.\" >&2\n    exit 1\nfi\n# This output is used by Xcode 'outputs' to avoid re-running this script phase.\necho \"SUCCESS\" > \"${SCRIPT_OUTPUT_FILE_0}\"\n";
			showEnvVarsInLog = 0;
		};
/* End PBXShellScriptBuildPhase section */

/* Begin PBXSourcesBuildPhase section */
		9B40681624DEB95A00D2B428 /* Sources */ = {
			isa = PBXSourcesBuildPhase;
			buildActionMask = 2147483647;
			files = (
				9B40685224DEC87000D2B428 /* JapaneseEnglishConverter.swift in Sources */,
				9BB76D6624DFD82F0091CFFB /* Card.swift in Sources */,
				9B11F1F224E90FAE005F1F89 /* StudySession.swift in Sources */,
				9B11F20124E9610E005F1F89 /* CardCell.swift in Sources */,
				9B11F20924EBE972005F1F89 /* Localized.swift in Sources */,
				9B11F1FB24E95FF3005F1F89 /* UIViewController+Extension.swift in Sources */,
				9B40682224DEB95B00D2B428 /* MenuController.swift in Sources */,
				8EE69C6724F1EAEA0026373A /* OptionsController.swift in Sources */,
				9BB76D6A24DFD9B30091CFFB /* CardFactory.swift in Sources */,
				8EE69C6324F1387A0026373A /* AppOptions.swift in Sources */,
				9B11F1F424E94BF9005F1F89 /* DeckController.swift in Sources */,
				9B11F1F924E9568E005F1F89 /* DeckBreakdownController.swift in Sources */,
				9B40684F24DEBA4900D2B428 /* HiraganaConverter.swift in Sources */,
				9B40681E24DEB95B00D2B428 /* AppDelegate.swift in Sources */,
				9B11F1EC24E837F9005F1F89 /* NewCardController.swift in Sources */,
				9B40682024DEB95B00D2B428 /* SceneDelegate.swift in Sources */,
				9B4D06E324E80E2A0052CEF4 /* StudyController.swift in Sources */,
				9B11F1F024E90C6C005F1F89 /* Deck.swift in Sources */,
				9B5C141124E808FF00BD4343 /* RealmService.swift in Sources */,
			);
			runOnlyForDeploymentPostprocessing = 0;
		};
		9B40682C24DEB95B00D2B428 /* Sources */ = {
			isa = PBXSourcesBuildPhase;
			buildActionMask = 2147483647;
			files = (
				9B40685324DEC87000D2B428 /* JapaneseEnglishConverter.swift in Sources */,
				9B11F1FF24E9606B005F1F89 /* RealmService.swift in Sources */,
				9B40683524DEB95B00D2B428 /* JapankiTests.swift in Sources */,
				9B40685024DEBA4900D2B428 /* HiraganaConverter.swift in Sources */,
				9BB76D6B24DFD9B30091CFFB /* CardFactory.swift in Sources */,
				9BB76D6724DFD82F0091CFFB /* Card.swift in Sources */,
			);
			runOnlyForDeploymentPostprocessing = 0;
		};
		9B40683724DEB95B00D2B428 /* Sources */ = {
			isa = PBXSourcesBuildPhase;
			buildActionMask = 2147483647;
			files = (
				9B40684024DEB95C00D2B428 /* JapankiUITests.swift in Sources */,
			);
			runOnlyForDeploymentPostprocessing = 0;
		};
/* End PBXSourcesBuildPhase section */

/* Begin PBXTargetDependency section */
		9B40683224DEB95B00D2B428 /* PBXTargetDependency */ = {
			isa = PBXTargetDependency;
			target = 9B40681924DEB95A00D2B428 /* Japanki */;
			targetProxy = 9B40683124DEB95B00D2B428 /* PBXContainerItemProxy */;
		};
		9B40683D24DEB95B00D2B428 /* PBXTargetDependency */ = {
			isa = PBXTargetDependency;
			target = 9B40681924DEB95A00D2B428 /* Japanki */;
			targetProxy = 9B40683C24DEB95B00D2B428 /* PBXContainerItemProxy */;
		};
/* End PBXTargetDependency section */

/* Begin PBXVariantGroup section */
		9B11F20C24EBEBA0005F1F89 /* Localized.strings */ = {
			isa = PBXVariantGroup;
			children = (
				9B11F20B24EBEBA0005F1F89 /* en */,
			);
			name = Localized.strings;
			sourceTree = "<group>";
		};
		9B11F20F24EBEBAB005F1F89 /* Localized.stringsdict */ = {
			isa = PBXVariantGroup;
			children = (
				9B11F20E24EBEBAB005F1F89 /* en */,
			);
			name = Localized.stringsdict;
			sourceTree = "<group>";
		};
		9B40682324DEB95B00D2B428 /* Main.storyboard */ = {
			isa = PBXVariantGroup;
			children = (
				9B40682424DEB95B00D2B428 /* Base */,
			);
			name = Main.storyboard;
			sourceTree = "<group>";
		};
		9B40682824DEB95B00D2B428 /* LaunchScreen.storyboard */ = {
			isa = PBXVariantGroup;
			children = (
				9B40682924DEB95B00D2B428 /* Base */,
			);
			name = LaunchScreen.storyboard;
			sourceTree = "<group>";
		};
/* End PBXVariantGroup section */

/* Begin XCBuildConfiguration section */
		9B40684224DEB95C00D2B428 /* Debug */ = {
			isa = XCBuildConfiguration;
			buildSettings = {
				ALWAYS_SEARCH_USER_PATHS = NO;
				CLANG_ANALYZER_NONNULL = YES;
				CLANG_ANALYZER_NUMBER_OBJECT_CONVERSION = YES_AGGRESSIVE;
				CLANG_CXX_LANGUAGE_STANDARD = "gnu++14";
				CLANG_CXX_LIBRARY = "libc++";
				CLANG_ENABLE_MODULES = YES;
				CLANG_ENABLE_OBJC_ARC = YES;
				CLANG_ENABLE_OBJC_WEAK = YES;
				CLANG_WARN_BLOCK_CAPTURE_AUTORELEASING = YES;
				CLANG_WARN_BOOL_CONVERSION = YES;
				CLANG_WARN_COMMA = YES;
				CLANG_WARN_CONSTANT_CONVERSION = YES;
				CLANG_WARN_DEPRECATED_OBJC_IMPLEMENTATIONS = YES;
				CLANG_WARN_DIRECT_OBJC_ISA_USAGE = YES_ERROR;
				CLANG_WARN_DOCUMENTATION_COMMENTS = YES;
				CLANG_WARN_EMPTY_BODY = YES;
				CLANG_WARN_ENUM_CONVERSION = YES;
				CLANG_WARN_INFINITE_RECURSION = YES;
				CLANG_WARN_INT_CONVERSION = YES;
				CLANG_WARN_NON_LITERAL_NULL_CONVERSION = YES;
				CLANG_WARN_OBJC_IMPLICIT_RETAIN_SELF = YES;
				CLANG_WARN_OBJC_LITERAL_CONVERSION = YES;
				CLANG_WARN_OBJC_ROOT_CLASS = YES_ERROR;
				CLANG_WARN_QUOTED_INCLUDE_IN_FRAMEWORK_HEADER = YES;
				CLANG_WARN_RANGE_LOOP_ANALYSIS = YES;
				CLANG_WARN_STRICT_PROTOTYPES = YES;
				CLANG_WARN_SUSPICIOUS_MOVE = YES;
				CLANG_WARN_UNGUARDED_AVAILABILITY = YES_AGGRESSIVE;
				CLANG_WARN_UNREACHABLE_CODE = YES;
				CLANG_WARN__DUPLICATE_METHOD_MATCH = YES;
				COPY_PHASE_STRIP = NO;
				DEBUG_INFORMATION_FORMAT = dwarf;
				ENABLE_STRICT_OBJC_MSGSEND = YES;
				ENABLE_TESTABILITY = YES;
				GCC_C_LANGUAGE_STANDARD = gnu11;
				GCC_DYNAMIC_NO_PIC = NO;
				GCC_NO_COMMON_BLOCKS = YES;
				GCC_OPTIMIZATION_LEVEL = 0;
				GCC_PREPROCESSOR_DEFINITIONS = (
					"DEBUG=1",
					"$(inherited)",
				);
				GCC_WARN_64_TO_32_BIT_CONVERSION = YES;
				GCC_WARN_ABOUT_RETURN_TYPE = YES_ERROR;
				GCC_WARN_UNDECLARED_SELECTOR = YES;
				GCC_WARN_UNINITIALIZED_AUTOS = YES_AGGRESSIVE;
				GCC_WARN_UNUSED_FUNCTION = YES;
				GCC_WARN_UNUSED_VARIABLE = YES;
				IPHONEOS_DEPLOYMENT_TARGET = 13.6;
				MTL_ENABLE_DEBUG_INFO = INCLUDE_SOURCE;
				MTL_FAST_MATH = YES;
				ONLY_ACTIVE_ARCH = YES;
				SDKROOT = iphoneos;
				SWIFT_ACTIVE_COMPILATION_CONDITIONS = DEBUG;
				SWIFT_OPTIMIZATION_LEVEL = "-Onone";
			};
			name = Debug;
		};
		9B40684324DEB95C00D2B428 /* Release */ = {
			isa = XCBuildConfiguration;
			buildSettings = {
				ALWAYS_SEARCH_USER_PATHS = NO;
				CLANG_ANALYZER_NONNULL = YES;
				CLANG_ANALYZER_NUMBER_OBJECT_CONVERSION = YES_AGGRESSIVE;
				CLANG_CXX_LANGUAGE_STANDARD = "gnu++14";
				CLANG_CXX_LIBRARY = "libc++";
				CLANG_ENABLE_MODULES = YES;
				CLANG_ENABLE_OBJC_ARC = YES;
				CLANG_ENABLE_OBJC_WEAK = YES;
				CLANG_WARN_BLOCK_CAPTURE_AUTORELEASING = YES;
				CLANG_WARN_BOOL_CONVERSION = YES;
				CLANG_WARN_COMMA = YES;
				CLANG_WARN_CONSTANT_CONVERSION = YES;
				CLANG_WARN_DEPRECATED_OBJC_IMPLEMENTATIONS = YES;
				CLANG_WARN_DIRECT_OBJC_ISA_USAGE = YES_ERROR;
				CLANG_WARN_DOCUMENTATION_COMMENTS = YES;
				CLANG_WARN_EMPTY_BODY = YES;
				CLANG_WARN_ENUM_CONVERSION = YES;
				CLANG_WARN_INFINITE_RECURSION = YES;
				CLANG_WARN_INT_CONVERSION = YES;
				CLANG_WARN_NON_LITERAL_NULL_CONVERSION = YES;
				CLANG_WARN_OBJC_IMPLICIT_RETAIN_SELF = YES;
				CLANG_WARN_OBJC_LITERAL_CONVERSION = YES;
				CLANG_WARN_OBJC_ROOT_CLASS = YES_ERROR;
				CLANG_WARN_QUOTED_INCLUDE_IN_FRAMEWORK_HEADER = YES;
				CLANG_WARN_RANGE_LOOP_ANALYSIS = YES;
				CLANG_WARN_STRICT_PROTOTYPES = YES;
				CLANG_WARN_SUSPICIOUS_MOVE = YES;
				CLANG_WARN_UNGUARDED_AVAILABILITY = YES_AGGRESSIVE;
				CLANG_WARN_UNREACHABLE_CODE = YES;
				CLANG_WARN__DUPLICATE_METHOD_MATCH = YES;
				COPY_PHASE_STRIP = NO;
				DEBUG_INFORMATION_FORMAT = "dwarf-with-dsym";
				ENABLE_NS_ASSERTIONS = NO;
				ENABLE_STRICT_OBJC_MSGSEND = YES;
				GCC_C_LANGUAGE_STANDARD = gnu11;
				GCC_NO_COMMON_BLOCKS = YES;
				GCC_WARN_64_TO_32_BIT_CONVERSION = YES;
				GCC_WARN_ABOUT_RETURN_TYPE = YES_ERROR;
				GCC_WARN_UNDECLARED_SELECTOR = YES;
				GCC_WARN_UNINITIALIZED_AUTOS = YES_AGGRESSIVE;
				GCC_WARN_UNUSED_FUNCTION = YES;
				GCC_WARN_UNUSED_VARIABLE = YES;
				IPHONEOS_DEPLOYMENT_TARGET = 13.6;
				MTL_ENABLE_DEBUG_INFO = NO;
				MTL_FAST_MATH = YES;
				SDKROOT = iphoneos;
				SWIFT_COMPILATION_MODE = wholemodule;
				SWIFT_OPTIMIZATION_LEVEL = "-O";
				VALIDATE_PRODUCT = YES;
			};
			name = Release;
		};
		9B40684524DEB95C00D2B428 /* Debug */ = {
			isa = XCBuildConfiguration;
			baseConfigurationReference = A5F218EFFDF7B41FCF571A46 /* Pods-Japanki.debug.xcconfig */;
			buildSettings = {
				ASSETCATALOG_COMPILER_APPICON_NAME = AppIcon;
				ASSETCATALOG_COMPILER_GLOBAL_ACCENT_COLOR_NAME = AccentColor;
				CODE_SIGN_STYLE = Automatic;
				DEVELOPMENT_TEAM = 49H596ZHS6;
				FRAMEWORK_SEARCH_PATHS = (
					"$(inherited)",
					"$(PROJECT_DIR)/Carthage/Build/iOS",
				);
				INFOPLIST_FILE = Japanki/Info.plist;
				LD_RUNPATH_SEARCH_PATHS = (
					"$(inherited)",
					"@executable_path/Frameworks",
				);
				PRODUCT_BUNDLE_IDENTIFIER = com.chungtin.japanki;
				PRODUCT_NAME = "$(TARGET_NAME)";
				SWIFT_VERSION = 5.0;
				TARGETED_DEVICE_FAMILY = 1;
			};
			name = Debug;
		};
		9B40684624DEB95C00D2B428 /* Release */ = {
			isa = XCBuildConfiguration;
			baseConfigurationReference = 3149B58D82450775339FC946 /* Pods-Japanki.release.xcconfig */;
			buildSettings = {
				ASSETCATALOG_COMPILER_APPICON_NAME = AppIcon;
				ASSETCATALOG_COMPILER_GLOBAL_ACCENT_COLOR_NAME = AccentColor;
				CODE_SIGN_STYLE = Automatic;
				DEVELOPMENT_TEAM = 49H596ZHS6;
				FRAMEWORK_SEARCH_PATHS = (
					"$(inherited)",
					"$(PROJECT_DIR)/Carthage/Build/iOS",
				);
				INFOPLIST_FILE = Japanki/Info.plist;
				LD_RUNPATH_SEARCH_PATHS = (
					"$(inherited)",
					"@executable_path/Frameworks",
				);
				PRODUCT_BUNDLE_IDENTIFIER = com.chungtin.japanki;
				PRODUCT_NAME = "$(TARGET_NAME)";
				SWIFT_VERSION = 5.0;
				TARGETED_DEVICE_FAMILY = 1;
			};
			name = Release;
		};
		9B40684824DEB95C00D2B428 /* Debug */ = {
			isa = XCBuildConfiguration;
			baseConfigurationReference = 45A194104D12D08AB82C7FDF /* Pods-JapankiTests.debug.xcconfig */;
			buildSettings = {
				ALWAYS_EMBED_SWIFT_STANDARD_LIBRARIES = YES;
				BUNDLE_LOADER = "$(TEST_HOST)";
				CODE_SIGN_STYLE = Automatic;
				DEVELOPMENT_TEAM = 49H596ZHS6;
				INFOPLIST_FILE = JapankiTests/Info.plist;
				IPHONEOS_DEPLOYMENT_TARGET = 14.0;
				LD_RUNPATH_SEARCH_PATHS = (
					"$(inherited)",
					"@executable_path/Frameworks",
					"@loader_path/Frameworks",
				);
				PRODUCT_BUNDLE_IDENTIFIER = com.hoangluong.JapankiTests;
				PRODUCT_NAME = "$(TARGET_NAME)";
				SWIFT_VERSION = 5.0;
				TARGETED_DEVICE_FAMILY = "1,2";
				TEST_HOST = "$(BUILT_PRODUCTS_DIR)/Japanki.app/Japanki";
			};
			name = Debug;
		};
		9B40684924DEB95C00D2B428 /* Release */ = {
			isa = XCBuildConfiguration;
			baseConfigurationReference = 33FF053CD77B535B0327AE90 /* Pods-JapankiTests.release.xcconfig */;
			buildSettings = {
				ALWAYS_EMBED_SWIFT_STANDARD_LIBRARIES = YES;
				BUNDLE_LOADER = "$(TEST_HOST)";
				CODE_SIGN_STYLE = Automatic;
				DEVELOPMENT_TEAM = 49H596ZHS6;
				INFOPLIST_FILE = JapankiTests/Info.plist;
				IPHONEOS_DEPLOYMENT_TARGET = 14.0;
				LD_RUNPATH_SEARCH_PATHS = (
					"$(inherited)",
					"@executable_path/Frameworks",
					"@loader_path/Frameworks",
				);
				PRODUCT_BUNDLE_IDENTIFIER = com.hoangluong.JapankiTests;
				PRODUCT_NAME = "$(TARGET_NAME)";
				SWIFT_VERSION = 5.0;
				TARGETED_DEVICE_FAMILY = "1,2";
				TEST_HOST = "$(BUILT_PRODUCTS_DIR)/Japanki.app/Japanki";
			};
			name = Release;
		};
		9B40684B24DEB95C00D2B428 /* Debug */ = {
			isa = XCBuildConfiguration;
			baseConfigurationReference = DB61C28BEA87ACC024A001CF /* Pods-Japanki-JapankiUITests.debug.xcconfig */;
			buildSettings = {
				ALWAYS_EMBED_SWIFT_STANDARD_LIBRARIES = YES;
				CODE_SIGN_STYLE = Automatic;
				DEVELOPMENT_TEAM = 49H596ZHS6;
				INFOPLIST_FILE = JapankiUITests/Info.plist;
				LD_RUNPATH_SEARCH_PATHS = (
					"$(inherited)",
					"@executable_path/Frameworks",
					"@loader_path/Frameworks",
				);
				PRODUCT_BUNDLE_IDENTIFIER = com.hoangluong.JapankiUITests;
				PRODUCT_NAME = "$(TARGET_NAME)";
				SWIFT_VERSION = 5.0;
				TARGETED_DEVICE_FAMILY = "1,2";
				TEST_TARGET_NAME = Japanki;
			};
			name = Debug;
		};
		9B40684C24DEB95C00D2B428 /* Release */ = {
			isa = XCBuildConfiguration;
			baseConfigurationReference = E7BAD1E1124C780BAB928DB0 /* Pods-Japanki-JapankiUITests.release.xcconfig */;
			buildSettings = {
				ALWAYS_EMBED_SWIFT_STANDARD_LIBRARIES = YES;
				CODE_SIGN_STYLE = Automatic;
				DEVELOPMENT_TEAM = 49H596ZHS6;
				INFOPLIST_FILE = JapankiUITests/Info.plist;
				LD_RUNPATH_SEARCH_PATHS = (
					"$(inherited)",
					"@executable_path/Frameworks",
					"@loader_path/Frameworks",
				);
				PRODUCT_BUNDLE_IDENTIFIER = com.hoangluong.JapankiUITests;
				PRODUCT_NAME = "$(TARGET_NAME)";
				SWIFT_VERSION = 5.0;
				TARGETED_DEVICE_FAMILY = "1,2";
				TEST_TARGET_NAME = Japanki;
			};
			name = Release;
		};
/* End XCBuildConfiguration section */

/* Begin XCConfigurationList section */
		9B40681524DEB95A00D2B428 /* Build configuration list for PBXProject "Japanki" */ = {
			isa = XCConfigurationList;
			buildConfigurations = (
				9B40684224DEB95C00D2B428 /* Debug */,
				9B40684324DEB95C00D2B428 /* Release */,
			);
			defaultConfigurationIsVisible = 0;
			defaultConfigurationName = Release;
		};
		9B40684424DEB95C00D2B428 /* Build configuration list for PBXNativeTarget "Japanki" */ = {
			isa = XCConfigurationList;
			buildConfigurations = (
				9B40684524DEB95C00D2B428 /* Debug */,
				9B40684624DEB95C00D2B428 /* Release */,
			);
			defaultConfigurationIsVisible = 0;
			defaultConfigurationName = Release;
		};
		9B40684724DEB95C00D2B428 /* Build configuration list for PBXNativeTarget "JapankiTests" */ = {
			isa = XCConfigurationList;
			buildConfigurations = (
				9B40684824DEB95C00D2B428 /* Debug */,
				9B40684924DEB95C00D2B428 /* Release */,
			);
			defaultConfigurationIsVisible = 0;
			defaultConfigurationName = Release;
		};
		9B40684A24DEB95C00D2B428 /* Build configuration list for PBXNativeTarget "JapankiUITests" */ = {
			isa = XCConfigurationList;
			buildConfigurations = (
				9B40684B24DEB95C00D2B428 /* Debug */,
				9B40684C24DEB95C00D2B428 /* Release */,
			);
			defaultConfigurationIsVisible = 0;
			defaultConfigurationName = Release;
		};
/* End XCConfigurationList section */
	};
	rootObject = 9B40681224DEB95A00D2B428 /* Project object */;
}
